<?xml version="1.0" encoding="utf-8"?>
<Project ToolsVersion="4.0" xmlns="http://schemas.microsoft.com/developer/msbuild/2003">
  <ItemGroup>
    <ClCompile Include="common\controls.cpp">
      <Filter>common</Filter>
    </ClCompile>
    <ClCompile Include="common\objloader.cpp">
      <Filter>common</Filter>
    </ClCompile>
    <ClCompile Include="common\quaternion_utils.cpp">
      <Filter>common</Filter>
    </ClCompile>
    <ClCompile Include="common\tangentspace.cpp">
      <Filter>common</Filter>
    </ClCompile>
    <ClCompile Include="common\text2D.cpp">
      <Filter>common</Filter>
    </ClCompile>
    <ClCompile Include="common\texture.cpp">
      <Filter>common</Filter>
    </ClCompile>
    <ClCompile Include="common\vboindexer.cpp">
      <Filter>common</Filter>
    </ClCompile>
    <ClCompile Include="engine\Camera.cpp">
      <Filter>engine</Filter>
    </ClCompile>
    <ClCompile Include="engine\Cube.cpp">
      <Filter>engine</Filter>
    </ClCompile>
    <ClCompile Include="engine\Engine.cpp">
      <Filter>engine</Filter>
    </ClCompile>
    <ClCompile Include="engine\Image.cpp">
      <Filter>engine</Filter>
    </ClCompile>
    <ClCompile Include="engine\Input.cpp">
      <Filter>engine</Filter>
    </ClCompile>
    <ClCompile Include="engine\Screen.cpp">
      <Filter>engine</Filter>
    </ClCompile>
    <ClCompile Include="engine\Text.cpp">
      <Filter>engine</Filter>
    </ClCompile>
    <ClCompile Include="engine\Time.cpp">
      <Filter>engine</Filter>
    </ClCompile>
    <ClCompile Include="prebuild.cpp" />
    <ClCompile Include="gui.cpp" />
    <ClCompile Include="StatusBar.cpp" />
    <ClCompile Include="engine\Curve.cpp">
      <Filter>engine</Filter>
    </ClCompile>
    <ClCompile Include="common\common_shader.cpp">
      <Filter>common</Filter>
    </ClCompile>
    <ClCompile Include="engine\Shader.cpp">
      <Filter>engine</Filter>
    </ClCompile>
    <ClCompile Include="engine\Point.cpp">
      <Filter>engine</Filter>
    </ClCompile>
    <ClCompile Include="engine\PostProcess.cpp">
      <Filter>engine</Filter>
    </ClCompile>
    <ClCompile Include="engine\PostProcess_Blur.cpp">
      <Filter>engine</Filter>
    </ClCompile>
    <ClCompile Include="engine\PostProcess_Bloom.cpp">
      <Filter>engine</Filter>
    </ClCompile>
    <ClCompile Include="demos\demo002\demo002.cpp">
      <Filter>demos\demo002</Filter>
    </ClCompile>
    <ClCompile Include="engine\Region.cpp">
      <Filter>engine</Filter>
    </ClCompile>
    <ClCompile Include="..\..\ext\triangle\triangle.c">
      <Filter>ext\triangle</Filter>
    </ClCompile>
    <ClCompile Include="test_triangle.cpp">
      <Filter>test</Filter>
    </ClCompile>
    <ClCompile Include="engine\Color.cpp">
      <Filter>engine</Filter>
    </ClCompile>
    <ClCompile Include="engine\FrameBuffer.cpp">
      <Filter>engine</Filter>
    </ClCompile>
    <ClCompile Include="engine\Mesh.cpp">
      <Filter>engine</Filter>
    </ClCompile>
    <ClCompile Include="engine\EffectContainer.cpp">
      <Filter>engine</Filter>
    </ClCompile>
    <ClCompile Include="engine\GradientRampEffect.cpp">
      <Filter>engine</Filter>
    </ClCompile>
    <ClCompile Include="engine\Circle.cpp">
      <Filter>engine</Filter>
    </ClCompile>
    <ClCompile Include="demos\demo002\ProcessBar.cpp">
      <Filter>demos\demo002</Filter>
    </ClCompile>
    <ClCompile Include="editor\Command.cpp">
      <Filter>editor</Filter>
    </ClCompile>
  </ItemGroup>
  <ItemGroup>
    <Filter Include="common">
      <UniqueIdentifier>{65c72dc4-82cb-475a-9e8c-a5131ad6050d}</UniqueIdentifier>
    </Filter>
    <Filter Include="engine">
      <UniqueIdentifier>{3f566cda-8dfd-4355-940c-8e268d53f366}</UniqueIdentifier>
    </Filter>
    <Filter Include="shaders">
      <UniqueIdentifier>{95595da8-30aa-420b-9684-c3d19420548e}</UniqueIdentifier>
    </Filter>
    <Filter Include="demos">
      <UniqueIdentifier>{cb0c2f42-6213-495a-ad87-a876c6b0fa31}</UniqueIdentifier>
    </Filter>
    <Filter Include="demos\demo002">
      <UniqueIdentifier>{9e3939f9-adb9-4b65-9a84-4e494a0faaf1}</UniqueIdentifier>
    </Filter>
    <Filter Include="ext">
      <UniqueIdentifier>{6ad4b8f2-2006-4fc2-823b-926f44f4f229}</UniqueIdentifier>
    </Filter>
    <Filter Include="ext\triangle">
      <UniqueIdentifier>{766bcac8-f58c-453a-8376-eac79cab3d1c}</UniqueIdentifier>
    </Filter>
    <Filter Include="test">
      <UniqueIdentifier>{3581e5b6-e6ac-4edf-a168-276f3782761d}</UniqueIdentifier>
    </Filter>
    <Filter Include="editor">
      <UniqueIdentifier>{236d31ee-0e44-485f-9063-dffa803c352b}</UniqueIdentifier>
    </Filter>
  </ItemGroup>
  <ItemGroup>
    <ClInclude Include="common\controls.hpp">
      <Filter>common</Filter>
    </ClInclude>
    <ClInclude Include="common\objloader.hpp">
      <Filter>common</Filter>
    </ClInclude>
    <ClInclude Include="common\quaternion_utils.hpp">
      <Filter>common</Filter>
    </ClInclude>
    <ClInclude Include="common\tangentspace.hpp">
      <Filter>common</Filter>
    </ClInclude>
    <ClInclude Include="common\text2D.hpp">
      <Filter>common</Filter>
    </ClInclude>
    <ClInclude Include="common\texture.hpp">
      <Filter>common</Filter>
    </ClInclude>
    <ClInclude Include="common\vboindexer.hpp">
      <Filter>common</Filter>
    </ClInclude>
    <ClInclude Include="engine\Camera.h">
      <Filter>engine</Filter>
    </ClInclude>
    <ClInclude Include="engine\Cube.h">
      <Filter>engine</Filter>
    </ClInclude>
    <ClInclude Include="engine\Engine.h">
      <Filter>engine</Filter>
    </ClInclude>
    <ClInclude Include="engine\Image.h">
      <Filter>engine</Filter>
    </ClInclude>
    <ClInclude Include="engine\Input.h">
      <Filter>engine</Filter>
    </ClInclude>
    <ClInclude Include="engine\Renderable.h">
      <Filter>engine</Filter>
    </ClInclude>
    <ClInclude Include="engine\Screen.h">
      <Filter>engine</Filter>
    </ClInclude>
    <ClInclude Include="engine\Text.h">
      <Filter>engine</Filter>
    </ClInclude>
    <ClInclude Include="engine\Time.h">
      <Filter>engine</Filter>
    </ClInclude>
    <ClInclude Include="prebuild.h" />
    <ClInclude Include="StatusBar.h" />
    <ClInclude Include="engine\Curve.h">
      <Filter>engine</Filter>
    </ClInclude>
    <ClInclude Include="common\common_shader.hpp">
      <Filter>common</Filter>
    </ClInclude>
    <ClInclude Include="engine\Shader.h">
      <Filter>engine</Filter>
    </ClInclude>
    <ClInclude Include="engine\Point.h">
      <Filter>engine</Filter>
    </ClInclude>
    <ClInclude Include="engine\PostProcess.h">
      <Filter>engine</Filter>
    </ClInclude>
    <ClInclude Include="engine\PostProcess_Blur.h">
      <Filter>engine</Filter>
    </ClInclude>
    <ClInclude Include="engine\PostProcess_Bloom.h">
      <Filter>engine</Filter>
    </ClInclude>
    <ClInclude Include="engine\Region.h">
      <Filter>engine</Filter>
    </ClInclude>
    <ClInclude Include="..\..\ext\triangle\triangle.h">
      <Filter>ext\triangle</Filter>
    </ClInclude>
    <ClInclude Include="engine\Color.h">
      <Filter>engine</Filter>
    </ClInclude>
    <ClInclude Include="engine\FrameBuffer.h">
      <Filter>engine</Filter>
    </ClInclude>
    <ClInclude Include="engine\Mesh.h">
      <Filter>engine</Filter>
    </ClInclude>
    <ClInclude Include="engine\EffectContainer.h">
      <Filter>engine</Filter>
    </ClInclude>
    <ClInclude Include="engine\GradientRampEffect.h">
      <Filter>engine</Filter>
    </ClInclude>
    <ClInclude Include="engine\Circle.h">
      <Filter>engine</Filter>
    </ClInclude>
    <ClInclude Include="demos\demo002\ProcessBar.h">
      <Filter>demos\demo002</Filter>
    </ClInclude>
    <ClInclude Include="editor\Command.h">
      <Filter>editor</Filter>
    </ClInclude>
  </ItemGroup>
  <ItemGroup>
    <None Include="shaders\geo_frag.shader">
      <Filter>shaders</Filter>
    </None>
    <None Include="shaders\geo_vert.shader">
      <Filter>shaders</Filter>
    </None>
    <None Include="shaders\Image_frag.shader">
      <Filter>shaders</Filter>
    </None>
    <None Include="shaders\Image_vert.shader">
      <Filter>shaders</Filter>
    </None>
    <None Include="shaders\Text_frag.shader">
      <Filter>shaders</Filter>
    </None>
    <None Include="shaders\Text_vert.shader">
      <Filter>shaders</Filter>
    </None>
    <None Include="shaders\Curve_frag.shader">
      <Filter>shaders</Filter>
    </None>
    <None Include="shaders\Curve_vert.shader">
      <Filter>shaders</Filter>
    </None>
    <None Include="shaders\PostProcess_Blur_frag.shader">
      <Filter>shaders</Filter>
    </None>
    <None Include="shaders\PostProcess_Blur_vert.shader">
      <Filter>shaders</Filter>
    </None>
    <None Include="shaders\PostProcess_HBlur_frag.shader">
      <Filter>shaders</Filter>
    </None>
    <None Include="shaders\PostProcess_HBlur_vert.shader">
      <Filter>shaders</Filter>
    </None>
    <None Include="shaders\PostProcess_VBlur_frag.shader">
      <Filter>shaders</Filter>
    </None>
    <None Include="shaders\PostProcess_VBlur_vert.shader">
      <Filter>shaders</Filter>
    </None>
    <None Include="shaders\PostProcess_Add_frag.shader">
      <Filter>shaders</Filter>
    </None>
    <None Include="shaders\PostProcess_Add_vert.shader">
      <Filter>shaders</Filter>
    </None>
    <None Include="shaders\Point_Star_frag.shader">
      <Filter>shaders</Filter>
    </None>
    <None Include="shaders\Point_Star_vert.shader">
      <Filter>shaders</Filter>
    </None>
    <None Include="shaders\Point_Star_geo.shader">
      <Filter>shaders</Filter>
    </None>
    <None Include="shaders\Point_Cross_frag.shader">
      <Filter>shaders</Filter>
    </None>
    <None Include="shaders\Point_Cross_geo.shader">
      <Filter>shaders</Filter>
    </None>
    <None Include="shaders\Point_Cross_vert.shader">
      <Filter>shaders</Filter>
    </None>
    <None Include="shaders\Region_frag.shader">
      <Filter>shaders</Filter>
    </None>
    <None Include="shaders\Region_vert.shader">
      <Filter>shaders</Filter>
    </None>
    <None Include="shaders\Template_frag.shader">
      <Filter>shaders</Filter>
    </None>
    <None Include="shaders\Template_vert.shader">
      <Filter>shaders</Filter>
    </None>
    <None Include="shaders\ColorTexture_frag.shader">
      <Filter>shaders</Filter>
    </None>
    <None Include="shaders\ColorTexture_vert.shader">
      <Filter>shaders</Filter>
    </None>
    <None Include="shaders\VertexColor_frag.shader">
      <Filter>shaders</Filter>
    </None>
    <None Include="shaders\VertexColor_vert.shader">
      <Filter>shaders</Filter>
    </None>
    <None Include="shaders\Curve_geo.shader">
      <Filter>shaders</Filter>
    </None>
    <None Include="shaders\Circle_frag.shader">
      <Filter>shaders</Filter>
    </None>
    <None Include="shaders\Circle_geo.shader">
      <Filter>shaders</Filter>
    </None>
    <None Include="shaders\Circle_vert.shader">
      <Filter>shaders</Filter>
    </None>
  </ItemGroup>
  <ItemGroup>
    <Image Include="demos\demo002\fake.jpg">
      <Filter>demos\demo002</Filter>
    </Image>
  </ItemGroup>
</Project>